// !$*UTF8*$!
{
	archiveVersion = 1;
	classes = {
	};
	objectVersion = 46;
	objects = {

/* Begin PBXBuildFile section */
		B31D26301B2075FC006B4A62 /* AppDelegate.swift in Sources */ = {isa = PBXBuildFile; fileRef = B31D262F1B2075FC006B4A62 /* AppDelegate.swift */; };
		B31D26331B2075FC006B4A62 /* Pitch_Counter.xcdatamodeld in Sources */ = {isa = PBXBuildFile; fileRef = B31D26311B2075FC006B4A62 /* Pitch_Counter.xcdatamodeld */; };
		B31D26351B2075FC006B4A62 /* ViewController.swift in Sources */ = {isa = PBXBuildFile; fileRef = B31D26341B2075FC006B4A62 /* ViewController.swift */; };
		B31D26381B2075FC006B4A62 /* Main.storyboard in Resources */ = {isa = PBXBuildFile; fileRef = B31D26361B2075FC006B4A62 /* Main.storyboard */; };
		B31D263A1B2075FC006B4A62 /* Images.xcassets in Resources */ = {isa = PBXBuildFile; fileRef = B31D26391B2075FC006B4A62 /* Images.xcassets */; };
		B31D263D1B2075FC006B4A62 /* LaunchScreen.xib in Resources */ = {isa = PBXBuildFile; fileRef = B31D263B1B2075FC006B4A62 /* LaunchScreen.xib */; };
		B31D26491B2075FD006B4A62 /* Pitch_CounterTests.swift in Sources */ = {isa = PBXBuildFile; fileRef = B31D26481B2075FD006B4A62 /* Pitch_CounterTests.swift */; };
		B37A8B841B4D92FA0037624E /* barlogo.png in Resources */ = {isa = PBXBuildFile; fileRef = B37A8B831B4D92FA0037624E /* barlogo.png */; };
		B3CF3A291B4C523F00DEC05B /* PitchersTableViewController.swift in Sources */ = {isa = PBXBuildFile; fileRef = B3CF3A281B4C523F00DEC05B /* PitchersTableViewController.swift */; };
		B3CF3A2B1B4C525800DEC05B /* GamesTableViewController.swift in Sources */ = {isa = PBXBuildFile; fileRef = B3CF3A2A1B4C525800DEC05B /* GamesTableViewController.swift */; };
		B3EA2CDA1B5D69FC00FD7233 /* bootscreen.png in Resources */ = {isa = PBXBuildFile; fileRef = B3EA2CD91B5D69FC00FD7233 /* bootscreen.png */; };
/* End PBXBuildFile section */

/* Begin PBXContainerItemProxy section */
		B31D26431B2075FD006B4A62 /* PBXContainerItemProxy */ = {
			isa = PBXContainerItemProxy;
			containerPortal = B31D26221B2075FC006B4A62 /* Project object */;
			proxyType = 1;
			remoteGlobalIDString = B31D26291B2075FC006B4A62;
			remoteInfo = "Pitch Counter";
		};
/* End PBXContainerItemProxy section */

/* Begin PBXFileReference section */
		B31D262A1B2075FC006B4A62 /* Pitch Counter.app */ = {isa = PBXFileReference; explicitFileType = wrapper.application; includeInIndex = 0; path = "Pitch Counter.app"; sourceTree = BUILT_PRODUCTS_DIR; };
		B31D262E1B2075FC006B4A62 /* Info.plist */ = {isa = PBXFileReference; lastKnownFileType = text.plist.xml; path = Info.plist; sourceTree = "<group>"; };
		B31D262F1B2075FC006B4A62 /* AppDelegate.swift */ = {isa = PBXFileReference; lastKnownFileType = sourcecode.swift; path = AppDelegate.swift; sourceTree = "<group>"; };
		B31D26321B2075FC006B4A62 /* Pitch_Counter.xcdatamodel */ = {isa = PBXFileReference; lastKnownFileType = wrapper.xcdatamodel; path = Pitch_Counter.xcdatamodel; sourceTree = "<group>"; };
		B31D26341B2075FC006B4A62 /* ViewController.swift */ = {isa = PBXFileReference; lastKnownFileType = sourcecode.swift; path = ViewController.swift; sourceTree = "<group>"; };
		B31D26371B2075FC006B4A62 /* Base */ = {isa = PBXFileReference; lastKnownFileType = file.storyboard; name = Base; path = Base.lproj/Main.storyboard; sourceTree = "<group>"; };
		B31D26391B2075FC006B4A62 /* Images.xcassets */ = {isa = PBXFileReference; lastKnownFileType = folder.assetcatalog; path = Images.xcassets; sourceTree = "<group>"; };
		B31D263C1B2075FC006B4A62 /* Base */ = {isa = PBXFileReference; lastKnownFileType = file.xib; name = Base; path = Base.lproj/LaunchScreen.xib; sourceTree = "<group>"; };
		B31D26421B2075FD006B4A62 /* Pitch CounterTests.xctest */ = {isa = PBXFileReference; explicitFileType = wrapper.cfbundle; includeInIndex = 0; path = "Pitch CounterTests.xctest"; sourceTree = BUILT_PRODUCTS_DIR; };
		B31D26471B2075FD006B4A62 /* Info.plist */ = {isa = PBXFileReference; lastKnownFileType = text.plist.xml; path = Info.plist; sourceTree = "<group>"; };
		B31D26481B2075FD006B4A62 /* Pitch_CounterTests.swift */ = {isa = PBXFileReference; lastKnownFileType = sourcecode.swift; path = Pitch_CounterTests.swift; sourceTree = "<group>"; };
		B37A8B831B4D92FA0037624E /* barlogo.png */ = {isa = PBXFileReference; lastKnownFileType = image.png; path = barlogo.png; sourceTree = "<group>"; };
		B3CF3A281B4C523F00DEC05B /* PitchersTableViewController.swift */ = {isa = PBXFileReference; fileEncoding = 4; lastKnownFileType = sourcecode.swift; path = PitchersTableViewController.swift; sourceTree = "<group>"; };
		B3CF3A2A1B4C525800DEC05B /* GamesTableViewController.swift */ = {isa = PBXFileReference; fileEncoding = 4; lastKnownFileType = sourcecode.swift; path = GamesTableViewController.swift; sourceTree = "<group>"; };
		B3EA2CD91B5D69FC00FD7233 /* bootscreen.png */ = {isa = PBXFileReference; lastKnownFileType = image.png; path = bootscreen.png; sourceTree = "<group>"; };
/* End PBXFileReference section */

/* Begin PBXFrameworksBuildPhase section */
		B31D26271B2075FC006B4A62 /* Frameworks */ = {
			isa = PBXFrameworksBuildPhase;
			buildActionMask = 2147483647;
			files = (
			);
			runOnlyForDeploymentPostprocessing = 0;
		};
		B31D263F1B2075FD006B4A62 /* Frameworks */ = {
			isa = PBXFrameworksBuildPhase;
			buildActionMask = 2147483647;
			files = (
			);
			runOnlyForDeploymentPostprocessing = 0;
		};
/* End PBXFrameworksBuildPhase section */

/* Begin PBXGroup section */
		B31D26211B2075FC006B4A62 = {
			isa = PBXGroup;
			children = (
				B31D262C1B2075FC006B4A62 /* Pitch Counter */,
				B31D26451B2075FD006B4A62 /* Pitch CounterTests */,
				B31D262B1B2075FC006B4A62 /* Products */,
			);
			sourceTree = "<group>";
		};
		B31D262B1B2075FC006B4A62 /* Products */ = {
			isa = PBXGroup;
			children = (
				B31D262A1B2075FC006B4A62 /* Pitch Counter.app */,
				B31D26421B2075FD006B4A62 /* Pitch CounterTests.xctest */,
			);
			name = Products;
			sourceTree = "<group>";
		};
		B31D262C1B2075FC006B4A62 /* Pitch Counter */ = {
			isa = PBXGroup;
			children = (
				B3CF3A281B4C523F00DEC05B /* PitchersTableViewController.swift */,
				B3CF3A2A1B4C525800DEC05B /* GamesTableViewController.swift */,
				B31D262F1B2075FC006B4A62 /* AppDelegate.swift */,
				B31D26341B2075FC006B4A62 /* ViewController.swift */,
				B31D26361B2075FC006B4A62 /* Main.storyboard */,
				B31D26391B2075FC006B4A62 /* Images.xcassets */,
				B31D263B1B2075FC006B4A62 /* LaunchScreen.xib */,
				B3EA2CD91B5D69FC00FD7233 /* bootscreen.png */,
				B37A8B831B4D92FA0037624E /* barlogo.png */,
				B31D26311B2075FC006B4A62 /* Pitch_Counter.xcdatamodeld */,
				B31D262D1B2075FC006B4A62 /* Supporting Files */,
			);
			path = "Pitch Counter";
			sourceTree = "<group>";
		};
		B31D262D1B2075FC006B4A62 /* Supporting Files */ = {
			isa = PBXGroup;
			children = (
				B31D262E1B2075FC006B4A62 /* Info.plist */,
			);
			name = "Supporting Files";
			sourceTree = "<group>";
		};
		B31D26451B2075FD006B4A62 /* Pitch CounterTests */ = {
			isa = PBXGroup;
			children = (
				B31D26481B2075FD006B4A62 /* Pitch_CounterTests.swift */,
				B31D26461B2075FD006B4A62 /* Supporting Files */,
			);
			path = "Pitch CounterTests";
			sourceTree = "<group>";
		};
		B31D26461B2075FD006B4A62 /* Supporting Files */ = {
			isa = PBXGroup;
			children = (
				B31D26471B2075FD006B4A62 /* Info.plist */,
			);
			name = "Supporting Files";
			sourceTree = "<group>";
		};
/* End PBXGroup section */

/* Begin PBXNativeTarget section */
		B31D26291B2075FC006B4A62 /* Pitch Counter */ = {
			isa = PBXNativeTarget;
			buildConfigurationList = B31D264C1B2075FD006B4A62 /* Build configuration list for PBXNativeTarget "Pitch Counter" */;
			buildPhases = (
				B31D26261B2075FC006B4A62 /* Sources */,
				B31D26271B2075FC006B4A62 /* Frameworks */,
				B31D26281B2075FC006B4A62 /* Resources */,
			);
			buildRules = (
			);
			dependencies = (
			);
			name = "Pitch Counter";
			productName = "Pitch Counter";
			productReference = B31D262A1B2075FC006B4A62 /* Pitch Counter.app */;
			productType = "com.apple.product-type.application";
		};
		B31D26411B2075FD006B4A62 /* Pitch CounterTests */ = {
			isa = PBXNativeTarget;
			buildConfigurationList = B31D264F1B2075FD006B4A62 /* Build configuration list for PBXNativeTarget "Pitch CounterTests" */;
			buildPhases = (
				B31D263E1B2075FD006B4A62 /* Sources */,
				B31D263F1B2075FD006B4A62 /* Frameworks */,
				B31D26401B2075FD006B4A62 /* Resources */,
			);
			buildRules = (
			);
			dependencies = (
				B31D26441B2075FD006B4A62 /* PBXTargetDependency */,
			);
			name = "Pitch CounterTests";
			productName = "Pitch CounterTests";
			productReference = B31D26421B2075FD006B4A62 /* Pitch CounterTests.xctest */;
			productType = "com.apple.product-type.bundle.unit-test";
		};
/* End PBXNativeTarget section */

/* Begin PBXProject section */
		B31D26221B2075FC006B4A62 /* Project object */ = {
			isa = PBXProject;
			attributes = {
				LastSwiftMigration = 0700;
				LastSwiftUpdateCheck = 0700;
				LastUpgradeCheck = 0630;
				ORGANIZATIONNAME = "Ben Grass";
				TargetAttributes = {
					B31D26291B2075FC006B4A62 = {
						CreatedOnToolsVersion = 6.3.2;
						DevelopmentTeam = C49S48L6F3;
					};
					B31D26411B2075FD006B4A62 = {
						CreatedOnToolsVersion = 6.3.2;
						TestTargetID = B31D26291B2075FC006B4A62;
					};
				};
			};
			buildConfigurationList = B31D26251B2075FC006B4A62 /* Build configuration list for PBXProject "Pitch Counter" */;
			compatibilityVersion = "Xcode 3.2";
			developmentRegion = English;
			hasScannedForEncodings = 0;
			knownRegions = (
				en,
				Base,
			);
			mainGroup = B31D26211B2075FC006B4A62;
			productRefGroup = B31D262B1B2075FC006B4A62 /* Products */;
			projectDirPath = "";
			projectRoot = "";
			targets = (
				B31D26291B2075FC006B4A62 /* Pitch Counter */,
				B31D26411B2075FD006B4A62 /* Pitch CounterTests */,
			);
		};
/* End PBXProject section */

/* Begin PBXResourcesBuildPhase section */
		B31D26281B2075FC006B4A62 /* Resources */ = {
			isa = PBXResourcesBuildPhase;
			buildActionMask = 2147483647;
			files = (
				B37A8B841B4D92FA0037624E /* barlogo.png in Resources */,
				B31D26381B2075FC006B4A62 /* Main.storyboard in Resources */,
				B3EA2CDA1B5D69FC00FD7233 /* bootscreen.png in Resources */,
				B31D263D1B2075FC006B4A62 /* LaunchScreen.xib in Resources */,
				B31D263A1B2075FC006B4A62 /* Images.xcassets in Resources */,
			);
			runOnlyForDeploymentPostprocessing = 0;
		};
		B31D26401B2075FD006B4A62 /* Resources */ = {
			isa = PBXResourcesBuildPhase;
			buildActionMask = 2147483647;
			files = (
			);
			runOnlyForDeploymentPostprocessing = 0;
		};
/* End PBXResourcesBuildPhase section */

/* Begin PBXSourcesBuildPhase section */
		B31D26261B2075FC006B4A62 /* Sources */ = {
			isa = PBXSourcesBuildPhase;
			buildActionMask = 2147483647;
			files = (
				B31D26351B2075FC006B4A62 /* ViewController.swift in Sources */,
				B31D26301B2075FC006B4A62 /* AppDelegate.swift in Sources */,
				B31D26331B2075FC006B4A62 /* Pitch_Counter.xcdatamodeld in Sources */,
				B3CF3A2B1B4C525800DEC05B /* GamesTableViewController.swift in Sources */,
				B3CF3A291B4C523F00DEC05B /* PitchersTableViewController.swift in Sources */,
			);
			runOnlyForDeploymentPostprocessing = 0;
		};
		B31D263E1B2075FD006B4A62 /* Sources */ = {
			isa = PBXSourcesBuildPhase;
			buildActionMask = 2147483647;
			files = (
				B31D26491B2075FD006B4A62 /* Pitch_CounterTests.swift in Sources */,
			);
			runOnlyForDeploymentPostprocessing = 0;
		};
/* End PBXSourcesBuildPhase section */

/* Begin PBXTargetDependency section */
		B31D26441B2075FD006B4A62 /* PBXTargetDependency */ = {
			isa = PBXTargetDependency;
			target = B31D26291B2075FC006B4A62 /* Pitch Counter */;
			targetProxy = B31D26431B2075FD006B4A62 /* PBXContainerItemProxy */;
		};
/* End PBXTargetDependency section */

/* Begin PBXVariantGroup section */
		B31D26361B2075FC006B4A62 /* Main.storyboard */ = {
			isa = PBXVariantGroup;
			children = (
				B31D26371B2075FC006B4A62 /* Base */,
			);
			name = Main.storyboard;
			sourceTree = "<group>";
		};
		B31D263B1B2075FC006B4A62 /* LaunchScreen.xib */ = {
			isa = PBXVariantGroup;
			children = (
				B31D263C1B2075FC006B4A62 /* Base */,
			);
			name = LaunchScreen.xib;
			sourceTree = "<group>";
		};
/* End PBXVariantGroup section */

/* Begin XCBuildConfiguration section */
		B31D264A1B2075FD006B4A62 /* Debug */ = {
			isa = XCBuildConfiguration;
			buildSettings = {
				ALWAYS_SEARCH_USER_PATHS = NO;
				CLANG_CXX_LANGUAGE_STANDARD = "gnu++0x";
				CLANG_CXX_LIBRARY = "libc++";
				CLANG_ENABLE_MODULES = YES;
				CLANG_ENABLE_OBJC_ARC = YES;
				CLANG_WARN_BOOL_CONVERSION = YES;
				CLANG_WARN_CONSTANT_CONVERSION = YES;
				CLANG_WARN_DIRECT_OBJC_ISA_USAGE = YES_ERROR;
				CLANG_WARN_EMPTY_BODY = YES;
				CLANG_WARN_ENUM_CONVERSION = YES;
				CLANG_WARN_INT_CONVERSION = YES;
				CLANG_WARN_OBJC_ROOT_CLASS = YES_ERROR;
				CLANG_WARN_UNREACHABLE_CODE = YES;
				CLANG_WARN__DUPLICATE_METHOD_MATCH = YES;
				"CODE_SIGN_IDENTITY[sdk=iphoneos*]" = "iPhone Developer";
				COPY_PHASE_STRIP = NO;
				DEBUG_INFORMATION_FORMAT = "dwarf-with-dsym";
				ENABLE_STRICT_OBJC_MSGSEND = YES;
				GCC_C_LANGUAGE_STANDARD = gnu99;
				GCC_DYNAMIC_NO_PIC = NO;
				GCC_NO_COMMON_BLOCKS = YES;
				GCC_OPTIMIZATION_LEVEL = 0;
				GCC_PREPROCESSOR_DEFINITIONS = (
					"DEBUG=1",
					"$(inherited)",
				);
				GCC_SYMBOLS_PRIVATE_EXTERN = NO;
				GCC_WARN_64_TO_32_BIT_CONVERSION = YES;
				GCC_WARN_ABOUT_RETURN_TYPE = YES_ERROR;
				GCC_WARN_UNDECLARED_SELECTOR = YES;
				GCC_WARN_UNINITIALIZED_AUTOS = YES_AGGRESSIVE;
				GCC_WARN_UNUSED_FUNCTION = YES;
				GCC_WARN_UNUSED_VARIABLE = YES;
				IPHONEOS_DEPLOYMENT_TARGET = 8.3;
				MTL_ENABLE_DEBUG_INFO = YES;
				ONLY_ACTIVE_ARCH = YES;
				SDKROOT = iphoneos;
				SWIFT_OPTIMIZATION_LEVEL = "-Onone";
			};
			name = Debug;
		};
		B31D264B1B2075FD006B4A62 /* Release */ = {
			isa = XCBuildConfiguration;
			buildSettings = {
				ALWAYS_SEARCH_USER_PATHS = NO;
				CLANG_CXX_LANGUAGE_STANDARD = "gnu++0x";
				CLANG_CXX_LIBRARY = "libc++";
				CLANG_ENABLE_MODULES = YES;
				CLANG_ENABLE_OBJC_ARC = YES;
				CLANG_WARN_BOOL_CONVERSION = YES;
				CLANG_WARN_CONSTANT_CONVERSION = YES;
				CLANG_WARN_DIRECT_OBJC_ISA_USAGE = YES_ERROR;
				CLANG_WARN_EMPTY_BODY = YES;
				CLANG_WARN_ENUM_CONVERSION = YES;
				CLANG_WARN_INT_CONVERSION = YES;
				CLANG_WARN_OBJC_ROOT_CLASS = YES_ERROR;
				CLANG_WARN_UNREACHABLE_CODE = YES;
				CLANG_WARN__DUPLICATE_METHOD_MATCH = YES;
				"CODE_SIGN_IDENTITY[sdk=iphoneos*]" = "iPhone Developer";
				COPY_PHASE_STRIP = NO;
				DEBUG_INFORMATION_FORMAT = "dwarf-with-dsym";
				ENABLE_NS_ASSERTIONS = NO;
				ENABLE_STRICT_OBJC_MSGSEND = YES;
				GCC_C_LANGUAGE_STANDARD = gnu99;
				GCC_NO_COMMON_BLOCKS = YES;
				GCC_WARN_64_TO_32_BIT_CONVERSION = YES;
				GCC_WARN_ABOUT_RETURN_TYPE = YES_ERROR;
				GCC_WARN_UNDECLARED_SELECTOR = YES;
				GCC_WARN_UNINITIALIZED_AUTOS = YES_AGGRESSIVE;
				GCC_WARN_UNUSED_FUNCTION = YES;
				GCC_WARN_UNUSED_VARIABLE = YES;
				IPHONEOS_DEPLOYMENT_TARGET = 8.3;
				MTL_ENABLE_DEBUG_INFO = NO;
				SDKROOT = iphoneos;
				VALIDATE_PRODUCT = YES;
			};
			name = Release;
		};
		B31D264D1B2075FD006B4A62 /* Debug */ = {
			isa = XCBuildConfiguration;
			buildSettings = {
				ASSETCATALOG_COMPILER_APPICON_NAME = AppIcon;
				CODE_SIGN_IDENTITY = "iPhone Developer";
				INFOPLIST_FILE = "Pitch Counter/Info.plist";
				LD_RUNPATH_SEARCH_PATHS = "$(inherited) @executable_path/Frameworks";
				PRODUCT_NAME = "$(TARGET_NAME)";
			};
			name = Debug;
		};
		B31D264E1B2075FD006B4A62 /* Release */ = {
			isa = XCBuildConfiguration;
			buildSettings = {
				ASSETCATALOG_COMPILER_APPICON_NAME = AppIcon;
				CODE_SIGN_IDENTITY = "iPhone Developer";
				INFOPLIST_FILE = "Pitch Counter/Info.plist";
				LD_RUNPATH_SEARCH_PATHS = "$(inherited) @executable_path/Frameworks";
				PRODUCT_NAME = "$(TARGET_NAME)";
			};
			name = Release;
		};
		B31D26501B2075FD006B4A62 /* Debug */ = {
			isa = XCBuildConfiguration;
			buildSettings = {
				BUNDLE_LOADER = "$(TEST_HOST)";
				FRAMEWORK_SEARCH_PATHS = (
					"$(SDKROOT)/Developer/Library/Frameworks",
					"$(inherited)",
				);
				GCC_PREPROCESSOR_DEFINITIONS = (
					"DEBUG=1",
					"$(inherited)",
				);
				INFOPLIST_FILE = "Pitch CounterTests/Info.plist";
				LD_RUNPATH_SEARCH_PATHS = "$(inherited) @executable_path/Frameworks @loader_path/Frameworks";
				PRODUCT_NAME = "$(TARGET_NAME)";
				TEST_HOST = "$(BUILT_PRODUCTS_DIR)/Pitch Counter.app/Pitch Counter";
			};
			name = Debug;
		};
		B31D26511B2075FD006B4A62 /* Release */ = {
			isa = XCBuildConfiguration;
			buildSettings = {
				BUNDLE_LOADER = "$(TEST_HOST)";
				FRAMEWORK_SEARCH_PATHS = (
					"$(SDKROOT)/Developer/Library/Frameworks",
					"$(inherited)",
				);
				INFOPLIST_FILE = "Pitch CounterTests/Info.plist";
				LD_RUNPATH_SEARCH_PATHS = "$(inherited) @executable_path/Frameworks @loader_path/Frameworks";
				PRODUCT_NAME = "$(TARGET_NAME)";
				TEST_HOST = "$(BUILT_PRODUCTS_DIR)/Pitch Counter.app/Pitch Counter";
			};
			name = Release;
		};
/* End XCBuildConfiguration section */

/* Begin XCConfigurationList section */
		B31D26251B2075FC006B4A62 /* Build configuration list for PBXProject "Pitch Counter" */ = {
			isa = XCConfigurationList;
			buildConfigurations = (
				B31D264A1B2075FD006B4A62 /* Debug */,
				B31D264B1B2075FD006B4A62 /* Release */,
			);
			defaultConfigurationIsVisible = 0;
			defaultConfigurationName = Release;
		};
		B31D264C1B2075FD006B4A62 /* Build configuration list for PBXNativeTarget "Pitch Counter" */ = {
			isa = XCConfigurationList;
			buildConfigurations = (
				B31D264D1B2075FD006B4A62 /* Debug */,
				B31D264E1B2075FD006B4A62 /* Release */,
			);
			defaultConfigurationIsVisible = 0;
			defaultConfigurationName = Release;
		};
		B31D264F1B2075FD006B4A62 /* Build configuration list for PBXNativeTarget "Pitch CounterTests" */ = {
			isa = XCConfigurationList;
			buildConfigurations = (
				B31D26501B2075FD006B4A62 /* Debug */,
				B31D26511B2075FD006B4A62 /* Release */,
			);
			defaultConfigurationIsVisible = 0;
			defaultConfigurationName = Release;
		};
/* End XCConfigurationList section */

/* Begin XCVersionGroup section */
		B31D26311B2075FC006B4A62 /* Pitch_Counter.xcdatamodeld */ = {
			isa = XCVersionGroup;
			children = (
				B31D26321B2075FC006B4A62 /* Pitch_Counter.xcdatamodel */,
			);
			currentVersion = B31D26321B2075FC006B4A62 /* Pitch_Counter.xcdatamodel */;
			path = Pitch_Counter.xcdatamodeld;
			sourceTree = "<group>";
			versionGroupType = wrapper.xcdatamodel;
		};
/* End XCVersionGroup section */
	};
	rootObject = B31D26221B2075FC006B4A62 /* Project object */;
}
